
Microsoft Visual Studio Solution File, Format Version 12.00
# Visual Studio Version 17
VisualStudioVersion = 17.8.34330.188
MinimumVisualStudioVersion = 10.0.40219.1
Project("{9A19103F-16F7-4668-BE54-9A1E7A4F7556}") = "ObligatorioP3", "ObligatorioP3\ObligatorioP3.csproj", "{62AF8DCF-4D76-45EE-9E02-54422163F9FE}"
EndProject
Global
	GlobalSection(SolutionConfigurationPlatforms) = preSolution
		Debug|Any CPU = Debug|Any CPU
		Release|Any CPU = Release|Any CPU
	EndGlobalSection
	GlobalSection(ProjectConfigurationPlatforms) = postSolution
		{62AF8DCF-4D76-45EE-9E02-54422163F9FE}.Debug|Any CPU.ActiveCfg = Debug|Any CPU
		{62AF8DCF-4D76-45EE-9E02-54422163F9FE}.Debug|Any CPU.Build.0 = Debug|Any CPU
		{62AF8DCF-4D76-45EE-9E02-54422163F9FE}.Release|Any CPU.ActiveCfg = Release|Any CPU
		{62AF8DCF-4D76-45EE-9E02-54422163F9FE}.Release|Any CPU.Build.0 = Release|Any CPU
	EndGlobalSection
	GlobalSection(SolutionProperties) = preSolution
		HideSolutionNode = FALSE
	EndGlobalSection
	GlobalSection(ExtensibilityGlobals) = postSolution
		SolutionGuid = {2C069AFE-410C-45DB-9DEC-2F00D94D711B}
	EndGlobalSection
EndGlobal
